
Microsoft Visual Studio Solution File, Format Version 12.00
# Visual Studio 2013
VisualStudioVersion = 12.0.31101.0
MinimumVisualStudioVersion = 10.0.40219.1
Project("{FAE04EC0-301F-11D3-BF4B-00C04F79EFBC}") = "Xprint", "Print\ClassLibrary1\Xprint.csproj", "{76C2A76D-23B4-454D-A8C8-CA83343CD2FE}"
EndProject
Project("{FAE04EC0-301F-11D3-BF4B-00C04F79EFBC}") = "FrmIDR", "FrmPIE\FrmIDR.csproj", "{22C2FC68-8C80-4861-BF90-DFBF2553B8B4}"
EndProject
Project("{FAE04EC0-301F-11D3-BF4B-00C04F79EFBC}") = "IDR.Common", "Common\IDR.Common.csproj", "{E3D8759A-C5EB-402D-9F10-F5C6029A8D1A}"
EndProject
Project("{FAE04EC0-301F-11D3-BF4B-00C04F79EFBC}") = "IDR.EF", "IDR.EF\IDR.EF.csproj", "{D3A3AC64-CC27-43E4-BDC2-5EC992F7170B}"
EndProject
Global
	GlobalSection(SolutionConfigurationPlatforms) = preSolution
		Debug|.NET = Debug|.NET
		Debug|Any CPU = Debug|Any CPU
		Debug|Mixed Platforms = Debug|Mixed Platforms
		Debug|x86 = Debug|x86
		Release|.NET = Release|.NET
		Release|Any CPU = Release|Any CPU
		Release|Mixed Platforms = Release|Mixed Platforms
		Release|x86 = Release|x86
	EndGlobalSection
	GlobalSection(ProjectConfigurationPlatforms) = postSolution
		{76C2A76D-23B4-454D-A8C8-CA83343CD2FE}.Debug|.NET.ActiveCfg = Debug|Any CPU
		{76C2A76D-23B4-454D-A8C8-CA83343CD2FE}.Debug|Any CPU.ActiveCfg = Debug|Any CPU
		{76C2A76D-23B4-454D-A8C8-CA83343CD2FE}.Debug|Any CPU.Build.0 = Debug|Any CPU
		{76C2A76D-23B4-454D-A8C8-CA83343CD2FE}.Debug|Mixed Platforms.ActiveCfg = Debug|Any CPU
		{76C2A76D-23B4-454D-A8C8-CA83343CD2FE}.Debug|Mixed Platforms.Build.0 = Debug|Any CPU
		{76C2A76D-23B4-454D-A8C8-CA83343CD2FE}.Debug|x86.ActiveCfg = Debug|Any CPU
		{76C2A76D-23B4-454D-A8C8-CA83343CD2FE}.Release|.NET.ActiveCfg = Release|Any CPU
		{76C2A76D-23B4-454D-A8C8-CA83343CD2FE}.Release|Any CPU.ActiveCfg = Release|Any CPU
		{76C2A76D-23B4-454D-A8C8-CA83343CD2FE}.Release|Any CPU.Build.0 = Release|Any CPU
		{76C2A76D-23B4-454D-A8C8-CA83343CD2FE}.Release|Mixed Platforms.ActiveCfg = Release|Any CPU
		{76C2A76D-23B4-454D-A8C8-CA83343CD2FE}.Release|Mixed Platforms.Build.0 = Release|Any CPU
		{76C2A76D-23B4-454D-A8C8-CA83343CD2FE}.Release|x86.ActiveCfg = Release|Any CPU
		{22C2FC68-8C80-4861-BF90-DFBF2553B8B4}.Debug|.NET.ActiveCfg = Debug|x86
		{22C2FC68-8C80-4861-BF90-DFBF2553B8B4}.Debug|Any CPU.ActiveCfg = Debug|x86
		{22C2FC68-8C80-4861-BF90-DFBF2553B8B4}.Debug|Mixed Platforms.ActiveCfg = Debug|x86
		{22C2FC68-8C80-4861-BF90-DFBF2553B8B4}.Debug|Mixed Platforms.Build.0 = Debug|x86
		{22C2FC68-8C80-4861-BF90-DFBF2553B8B4}.Debug|x86.ActiveCfg = Debug|x86
		{22C2FC68-8C80-4861-BF90-DFBF2553B8B4}.Debug|x86.Build.0 = Debug|x86
		{22C2FC68-8C80-4861-BF90-DFBF2553B8B4}.Release|.NET.ActiveCfg = Release|x86
		{22C2FC68-8C80-4861-BF90-DFBF2553B8B4}.Release|Any CPU.ActiveCfg = Release|x86
		{22C2FC68-8C80-4861-BF90-DFBF2553B8B4}.Release|Mixed Platforms.ActiveCfg = Release|x86
		{22C2FC68-8C80-4861-BF90-DFBF2553B8B4}.Release|Mixed Platforms.Build.0 = Release|x86
		{22C2FC68-8C80-4861-BF90-DFBF2553B8B4}.Release|x86.ActiveCfg = Release|x86
		{22C2FC68-8C80-4861-BF90-DFBF2553B8B4}.Release|x86.Build.0 = Release|x86
		{E3D8759A-C5EB-402D-9F10-F5C6029A8D1A}.Debug|.NET.ActiveCfg = Debug|Any CPU
		{E3D8759A-C5EB-402D-9F10-F5C6029A8D1A}.Debug|Any CPU.ActiveCfg = Debug|Any CPU
		{E3D8759A-C5EB-402D-9F10-F5C6029A8D1A}.Debug|Any CPU.Build.0 = Debug|Any CPU
		{E3D8759A-C5EB-402D-9F10-F5C6029A8D1A}.Debug|Mixed Platforms.ActiveCfg = Debug|Any CPU
		{E3D8759A-C5EB-402D-9F10-F5C6029A8D1A}.Debug|Mixed Platforms.Build.0 = Debug|Any CPU
		{E3D8759A-C5EB-402D-9F10-F5C6029A8D1A}.Debug|x86.ActiveCfg = Debug|Any CPU
		{E3D8759A-C5EB-402D-9F10-F5C6029A8D1A}.Release|.NET.ActiveCfg = Release|Any CPU
		{E3D8759A-C5EB-402D-9F10-F5C6029A8D1A}.Release|Any CPU.ActiveCfg = Release|Any CPU
		{E3D8759A-C5EB-402D-9F10-F5C6029A8D1A}.Release|Any CPU.Build.0 = Release|Any CPU
		{E3D8759A-C5EB-402D-9F10-F5C6029A8D1A}.Release|Mixed Platforms.ActiveCfg = Release|Any CPU
		{E3D8759A-C5EB-402D-9F10-F5C6029A8D1A}.Release|Mixed Platforms.Build.0 = Release|Any CPU
		{E3D8759A-C5EB-402D-9F10-F5C6029A8D1A}.Release|x86.ActiveCfg = Release|Any CPU
		{D3A3AC64-CC27-43E4-BDC2-5EC992F7170B}.Debug|.NET.ActiveCfg = Debug|Any CPU
		{D3A3AC64-CC27-43E4-BDC2-5EC992F7170B}.Debug|Any CPU.ActiveCfg = Debug|Any CPU
		{D3A3AC64-CC27-43E4-BDC2-5EC992F7170B}.Debug|Any CPU.Build.0 = Debug|Any CPU
		{D3A3AC64-CC27-43E4-BDC2-5EC992F7170B}.Debug|Mixed Platforms.ActiveCfg = Debug|Any CPU
		{D3A3AC64-CC27-43E4-BDC2-5EC992F7170B}.Debug|Mixed Platforms.Build.0 = Debug|Any CPU
		{D3A3AC64-CC27-43E4-BDC2-5EC992F7170B}.Debug|x86.ActiveCfg = Debug|Any CPU
		{D3A3AC64-CC27-43E4-BDC2-5EC992F7170B}.Release|.NET.ActiveCfg = Release|Any CPU
		{D3A3AC64-CC27-43E4-BDC2-5EC992F7170B}.Release|Any CPU.ActiveCfg = Release|Any CPU
		{D3A3AC64-CC27-43E4-BDC2-5EC992F7170B}.Release|Any CPU.Build.0 = Release|Any CPU
		{D3A3AC64-CC27-43E4-BDC2-5EC992F7170B}.Release|Mixed Platforms.ActiveCfg = Release|Any CPU
		{D3A3AC64-CC27-43E4-BDC2-5EC992F7170B}.Release|Mixed Platforms.Build.0 = Release|Any CPU
		{D3A3AC64-CC27-43E4-BDC2-5EC992F7170B}.Release|x86.ActiveCfg = Release|Any CPU
	EndGlobalSection
	GlobalSection(SolutionProperties) = preSolution
		HideSolutionNode = FALSE
	EndGlobalSection
EndGlobal
