
Microsoft Visual Studio Solution File, Format Version 12.00
# Visual Studio 2013
VisualStudioVersion = 12.0.31101.0
MinimumVisualStudioVersion = 10.0.40219.1
Project("{FAE04EC0-301F-11D3-BF4B-00C04F79EFBC}") = "IDR.Common", "Common\IDR.Common.csproj", "{E3D8759A-C5EB-402D-9F10-F5C6029A8D1A}"
EndProject
Project("{FAE04EC0-301F-11D3-BF4B-00C04F79EFBC}") = "IDR.EF", "IDR.EF\IDR.EF.csproj", "{D3A3AC64-CC27-43E4-BDC2-5EC992F7170B}"
EndProject
Project("{FAE04EC0-301F-11D3-BF4B-00C04F79EFBC}") = "Xprint", "Print\XPrint\Xprint.csproj", "{76C2A76D-23B4-454D-A8C8-CA83343CD2FE}"
EndProject
Project("{FAE04EC0-301F-11D3-BF4B-00C04F79EFBC}") = "IDR.Frm", "IDR.Frm\IDR.Frm.csproj", "{ACE8BE39-85D4-49F0-8EC4-4A44843302E0}"
EndProject
Project("{FAE04EC0-301F-11D3-BF4B-00C04F79EFBC}") = "IDR.MVC", "IDR.MVC\IDR.MVC.csproj", "{B1092F86-25D1-4E77-B2AE-203AB03D7E77}"
EndProject
Project("{FAE04EC0-301F-11D3-BF4B-00C04F79EFBC}") = "IDR.Server", "IDR.Server\IDR.Server.csproj", "{A8D5AAB1-9013-4872-8249-5CA0E5405DF2}"
EndProject
Global
	GlobalSection(SolutionConfigurationPlatforms) = preSolution
		Debug|.NET = Debug|.NET
		Debug|Any CPU = Debug|Any CPU
		Debug|Mixed Platforms = Debug|Mixed Platforms
		Debug|x86 = Debug|x86
		Release|.NET = Release|.NET
		Release|Any CPU = Release|Any CPU
		Release|Mixed Platforms = Release|Mixed Platforms
		Release|x86 = Release|x86
	EndGlobalSection
	GlobalSection(ProjectConfigurationPlatforms) = postSolution
		{E3D8759A-C5EB-402D-9F10-F5C6029A8D1A}.Debug|.NET.ActiveCfg = Debug|Any CPU
		{E3D8759A-C5EB-402D-9F10-F5C6029A8D1A}.Debug|Any CPU.ActiveCfg = Debug|Any CPU
		{E3D8759A-C5EB-402D-9F10-F5C6029A8D1A}.Debug|Any CPU.Build.0 = Debug|Any CPU
		{E3D8759A-C5EB-402D-9F10-F5C6029A8D1A}.Debug|Mixed Platforms.ActiveCfg = Debug|Any CPU
		{E3D8759A-C5EB-402D-9F10-F5C6029A8D1A}.Debug|Mixed Platforms.Build.0 = Debug|Any CPU
		{E3D8759A-C5EB-402D-9F10-F5C6029A8D1A}.Debug|x86.ActiveCfg = Debug|Any CPU
		{E3D8759A-C5EB-402D-9F10-F5C6029A8D1A}.Release|.NET.ActiveCfg = Release|Any CPU
		{E3D8759A-C5EB-402D-9F10-F5C6029A8D1A}.Release|Any CPU.ActiveCfg = Release|Any CPU
		{E3D8759A-C5EB-402D-9F10-F5C6029A8D1A}.Release|Any CPU.Build.0 = Release|Any CPU
		{E3D8759A-C5EB-402D-9F10-F5C6029A8D1A}.Release|Mixed Platforms.ActiveCfg = Release|Any CPU
		{E3D8759A-C5EB-402D-9F10-F5C6029A8D1A}.Release|Mixed Platforms.Build.0 = Release|Any CPU
		{E3D8759A-C5EB-402D-9F10-F5C6029A8D1A}.Release|x86.ActiveCfg = Release|Any CPU
		{D3A3AC64-CC27-43E4-BDC2-5EC992F7170B}.Debug|.NET.ActiveCfg = Debug|Any CPU
		{D3A3AC64-CC27-43E4-BDC2-5EC992F7170B}.Debug|Any CPU.ActiveCfg = Debug|Any CPU
		{D3A3AC64-CC27-43E4-BDC2-5EC992F7170B}.Debug|Any CPU.Build.0 = Debug|Any CPU
		{D3A3AC64-CC27-43E4-BDC2-5EC992F7170B}.Debug|Mixed Platforms.ActiveCfg = Debug|Any CPU
		{D3A3AC64-CC27-43E4-BDC2-5EC992F7170B}.Debug|Mixed Platforms.Build.0 = Debug|Any CPU
		{D3A3AC64-CC27-43E4-BDC2-5EC992F7170B}.Debug|x86.ActiveCfg = Debug|Any CPU
		{D3A3AC64-CC27-43E4-BDC2-5EC992F7170B}.Release|.NET.ActiveCfg = Release|Any CPU
		{D3A3AC64-CC27-43E4-BDC2-5EC992F7170B}.Release|Any CPU.ActiveCfg = Release|Any CPU
		{D3A3AC64-CC27-43E4-BDC2-5EC992F7170B}.Release|Any CPU.Build.0 = Release|Any CPU
		{D3A3AC64-CC27-43E4-BDC2-5EC992F7170B}.Release|Mixed Platforms.ActiveCfg = Release|Any CPU
		{D3A3AC64-CC27-43E4-BDC2-5EC992F7170B}.Release|Mixed Platforms.Build.0 = Release|Any CPU
		{D3A3AC64-CC27-43E4-BDC2-5EC992F7170B}.Release|x86.ActiveCfg = Release|Any CPU
		{76C2A76D-23B4-454D-A8C8-CA83343CD2FE}.Debug|.NET.ActiveCfg = Debug|Any CPU
		{76C2A76D-23B4-454D-A8C8-CA83343CD2FE}.Debug|Any CPU.ActiveCfg = Debug|Any CPU
		{76C2A76D-23B4-454D-A8C8-CA83343CD2FE}.Debug|Any CPU.Build.0 = Debug|Any CPU
		{76C2A76D-23B4-454D-A8C8-CA83343CD2FE}.Debug|Mixed Platforms.ActiveCfg = Debug|Any CPU
		{76C2A76D-23B4-454D-A8C8-CA83343CD2FE}.Debug|Mixed Platforms.Build.0 = Debug|Any CPU
		{76C2A76D-23B4-454D-A8C8-CA83343CD2FE}.Debug|x86.ActiveCfg = Debug|Any CPU
		{76C2A76D-23B4-454D-A8C8-CA83343CD2FE}.Release|.NET.ActiveCfg = Release|Any CPU
		{76C2A76D-23B4-454D-A8C8-CA83343CD2FE}.Release|Any CPU.ActiveCfg = Release|Any CPU
		{76C2A76D-23B4-454D-A8C8-CA83343CD2FE}.Release|Any CPU.Build.0 = Release|Any CPU
		{76C2A76D-23B4-454D-A8C8-CA83343CD2FE}.Release|Mixed Platforms.ActiveCfg = Release|Any CPU
		{76C2A76D-23B4-454D-A8C8-CA83343CD2FE}.Release|Mixed Platforms.Build.0 = Release|Any CPU
		{76C2A76D-23B4-454D-A8C8-CA83343CD2FE}.Release|x86.ActiveCfg = Release|Any CPU
		{ACE8BE39-85D4-49F0-8EC4-4A44843302E0}.Debug|.NET.ActiveCfg = Debug|Any CPU
		{ACE8BE39-85D4-49F0-8EC4-4A44843302E0}.Debug|Any CPU.ActiveCfg = Debug|Any CPU
		{ACE8BE39-85D4-49F0-8EC4-4A44843302E0}.Debug|Any CPU.Build.0 = Debug|Any CPU
		{ACE8BE39-85D4-49F0-8EC4-4A44843302E0}.Debug|Mixed Platforms.ActiveCfg = Debug|Any CPU
		{ACE8BE39-85D4-49F0-8EC4-4A44843302E0}.Debug|Mixed Platforms.Build.0 = Debug|Any CPU
		{ACE8BE39-85D4-49F0-8EC4-4A44843302E0}.Debug|x86.ActiveCfg = Debug|Any CPU
		{ACE8BE39-85D4-49F0-8EC4-4A44843302E0}.Release|.NET.ActiveCfg = Release|Any CPU
		{ACE8BE39-85D4-49F0-8EC4-4A44843302E0}.Release|Any CPU.ActiveCfg = Release|Any CPU
		{ACE8BE39-85D4-49F0-8EC4-4A44843302E0}.Release|Any CPU.Build.0 = Release|Any CPU
		{ACE8BE39-85D4-49F0-8EC4-4A44843302E0}.Release|Mixed Platforms.ActiveCfg = Release|Any CPU
		{ACE8BE39-85D4-49F0-8EC4-4A44843302E0}.Release|Mixed Platforms.Build.0 = Release|Any CPU
		{ACE8BE39-85D4-49F0-8EC4-4A44843302E0}.Release|x86.ActiveCfg = Release|Any CPU
		{B1092F86-25D1-4E77-B2AE-203AB03D7E77}.Debug|.NET.ActiveCfg = Debug|Any CPU
		{B1092F86-25D1-4E77-B2AE-203AB03D7E77}.Debug|Any CPU.ActiveCfg = Debug|Any CPU
		{B1092F86-25D1-4E77-B2AE-203AB03D7E77}.Debug|Any CPU.Build.0 = Debug|Any CPU
		{B1092F86-25D1-4E77-B2AE-203AB03D7E77}.Debug|Mixed Platforms.ActiveCfg = Debug|Any CPU
		{B1092F86-25D1-4E77-B2AE-203AB03D7E77}.Debug|Mixed Platforms.Build.0 = Debug|Any CPU
		{B1092F86-25D1-4E77-B2AE-203AB03D7E77}.Debug|x86.ActiveCfg = Debug|Any CPU
		{B1092F86-25D1-4E77-B2AE-203AB03D7E77}.Release|.NET.ActiveCfg = Release|Any CPU
		{B1092F86-25D1-4E77-B2AE-203AB03D7E77}.Release|Any CPU.ActiveCfg = Release|Any CPU
		{B1092F86-25D1-4E77-B2AE-203AB03D7E77}.Release|Any CPU.Build.0 = Release|Any CPU
		{B1092F86-25D1-4E77-B2AE-203AB03D7E77}.Release|Mixed Platforms.ActiveCfg = Release|Any CPU
		{B1092F86-25D1-4E77-B2AE-203AB03D7E77}.Release|Mixed Platforms.Build.0 = Release|Any CPU
		{B1092F86-25D1-4E77-B2AE-203AB03D7E77}.Release|x86.ActiveCfg = Release|Any CPU
		{A8D5AAB1-9013-4872-8249-5CA0E5405DF2}.Debug|.NET.ActiveCfg = Debug|Any CPU
		{A8D5AAB1-9013-4872-8249-5CA0E5405DF2}.Debug|Any CPU.ActiveCfg = Debug|Any CPU
		{A8D5AAB1-9013-4872-8249-5CA0E5405DF2}.Debug|Any CPU.Build.0 = Debug|Any CPU
		{A8D5AAB1-9013-4872-8249-5CA0E5405DF2}.Debug|Mixed Platforms.ActiveCfg = Debug|Any CPU
		{A8D5AAB1-9013-4872-8249-5CA0E5405DF2}.Debug|Mixed Platforms.Build.0 = Debug|Any CPU
		{A8D5AAB1-9013-4872-8249-5CA0E5405DF2}.Debug|x86.ActiveCfg = Debug|Any CPU
		{A8D5AAB1-9013-4872-8249-5CA0E5405DF2}.Release|.NET.ActiveCfg = Release|Any CPU
		{A8D5AAB1-9013-4872-8249-5CA0E5405DF2}.Release|Any CPU.ActiveCfg = Release|Any CPU
		{A8D5AAB1-9013-4872-8249-5CA0E5405DF2}.Release|Any CPU.Build.0 = Release|Any CPU
		{A8D5AAB1-9013-4872-8249-5CA0E5405DF2}.Release|Mixed Platforms.ActiveCfg = Release|Any CPU
		{A8D5AAB1-9013-4872-8249-5CA0E5405DF2}.Release|Mixed Platforms.Build.0 = Release|Any CPU
		{A8D5AAB1-9013-4872-8249-5CA0E5405DF2}.Release|x86.ActiveCfg = Release|Any CPU
	EndGlobalSection
	GlobalSection(SolutionProperties) = preSolution
		HideSolutionNode = FALSE
	EndGlobalSection
EndGlobal
